// !$*UTF8*$!
{
	archiveVersion = 1;
	classes = {
	};
	objectVersion = 77;
	objects = {

/* Begin PBXContainerItemProxy section */
		6E315A8D3076EC59002817B4 /* PBXContainerItemProxy */ = {
			isa = PBXContainerItemProxy;
			containerPortal = 6E315A743076EC58002817B4 /* Project object */;
			proxyType = 1;
			remoteGlobalIDString = 6E315A7B3076EC58002817B4;
			remoteInfo = Aesthelity;
		};
		6E315A973076EC59002817B4 /* PBXContainerItemProxy */ = {
			isa = PBXContainerItemProxy;
			containerPortal = 6E315A743076EC58002817B4 /* Project object */;
			proxyType = 1;
			remoteGlobalIDString = 6E315A7B3076EC58002817B4;
			remoteInfo = Aesthelity;
		};
/* End PBXContainerItemProxy section */

/* Begin PBXFileReference section */
		6E315A7C3076EC58002817B4 /* Aesthelity.app */ = {isa = PBXFileReference; explicitFileType = wrapper.application; includeInIndex = 0; path = Aesthelity.app; sourceTree = BUILT_PRODUCTS_DIR; };
		6E315A8C3076EC59002817B4 /* AesthelityTests.xctest */ = {isa = PBXFileReference; explicitFileType = wrapper.cfbundle; includeInIndex = 0; path = AesthelityTests.xctest; sourceTree = BUILT_PRODUCTS_DIR; };
		6E315A963076EC59002817B4 /* AesthelityUITests.xctest */ = {isa = PBXFileReference; explicitFileType = wrapper.cfbundle; includeInIndex = 0; path = AesthelityUITests.xctest; sourceTree = BUILT_PRODUCTS_DIR; };
/* End PBXFileReference section */

/* Begin PBXFileSystemSynchronizedBuildFileExceptionSet section */
		6E315ABD3076EDA0002817B4 /* Exceptions for "Aesthelity" folder in "Aesthelity" target */ = {
			isa = PBXFileSystemSynchronizedBuildFileExceptionSet;
			membershipExceptions = (
				Tests/AesthelityTests/AesthelityTests.swift,
				Tests/AesthelityTests/IngredientLabelParserTests.swift,
				Tests/AesthelityTests/IngredientNormalizerTests.swift,
				Tests/AesthelityUITests/AesthelityUITests.swift,
				Tests/AesthelityUITests/AesthelityUITestsLaunchTests.swift,
			);
			target = 6E315A7B3076EC58002817B4 /* Aesthelity */;
		};
		6E315ABE3076EDA0002817B4 /* Exceptions for "Aesthelity" folder in "AesthelityTests" target */ = {
			isa = PBXFileSystemSynchronizedBuildFileExceptionSet;
			membershipExceptions = (
				Tests/AesthelityTests/AesthelityTests.swift,
				Tests/AesthelityTests/IngredientLabelParserTests.swift,
				Tests/AesthelityTests/IngredientNormalizerTests.swift,
			);
			target = 6E315A8B3076EC59002817B4 /* AesthelityTests */;
		};
		6E315AC43076EDA2002817B4 /* Exceptions for "Aesthelity" folder in "AesthelityUITests" target */ = {
			isa = PBXFileSystemSynchronizedBuildFileExceptionSet;
			membershipExceptions = (
				Tests/AesthelityUITests/AesthelityUITests.swift,
				Tests/AesthelityUITests/AesthelityUITestsLaunchTests.swift,
			);
			target = 6E315A953076EC59002817B4 /* AesthelityUITests */;
		};
/* End PBXFileSystemSynchronizedBuildFileExceptionSet section */

/* Begin PBXFileSystemSynchronizedRootGroup section */
		6E315A7E3076EC58002817B4 /* Aesthelity */ = {
			isa = PBXFileSystemSynchronizedRootGroup;
			exceptions = (
				6E315ABD3076EDA0002817B4 /* Exceptions for "Aesthelity" folder in "Aesthelity" target */,
				6E315ABE3076EDA0002817B4 /* Exceptions for "Aesthelity" folder in "AesthelityTests" target */,
				6E315AC43076EDA2002817B4 /* Exceptions for "Aesthelity" folder in "AesthelityUITests" target */,
			);
			path = Aesthelity;
			sourceTree = "<group>";
		};
/* End PBXFileSystemSynchronizedRootGroup section */

/* Begin PBXFrameworksBuildPhase section */
		6E315A793076EC58002817B4 /* Frameworks */ = {
			isa = PBXFrameworksBuildPhase;
			buildActionMask = 2147483647;
			files = (
			);
			runOnlyForDeploymentPostprocessing = 0;
		};
		6E315A893076EC59002817B4 /* Frameworks */ = {
			isa = PBXFrameworksBuildPhase;
			buildActionMask = 2147483647;
			files = (
			);
			runOnlyForDeploymentPostprocessing = 0;
		};
		6E315A933076EC59002817B4 /* Frameworks */ = {
			isa = PBXFrameworksBuildPhase;
			buildActionMask = 2147483647;
			files = (
			);
			runOnlyForDeploymentPostprocessing = 0;
		};
/* End PBXFrameworksBuildPhase section */

/* Begin PBXGroup section */
		6E315A733076EC58002817B4 = {
			isa = PBXGroup;
			children = (
				6E315A7E3076EC58002817B4 /* Aesthelity */,
				6E315A7D3076EC58002817B4 /* Products */,
			);
			sourceTree = "<group>";
		};
		6E315A7D3076EC58002817B4 /* Products */ = {
			isa = PBXGroup;
			children = (
				6E315A7C3076EC58002817B4 /* Aesthelity.app */,
				6E315A8C3076EC59002817B4 /* AesthelityTests.xctest */,
				6E315A963076EC59002817B4 /* AesthelityUITests.xctest */,
			);
			name = Products;
			sourceTree = "<group>";
		};
/* End PBXGroup section */

/* Begin PBXNativeTarget section */
		6E315A7B3076EC58002817B4 /* Aesthelity */ = {
			isa = PBXNativeTarget;
			buildConfigurationList = 6E315AA03076EC59002817B4 /* Build configuration list for PBXNativeTarget "Aesthelity" */;
			buildPhases = (
				6E315A783076EC58002817B4 /* Sources */,
				6E315A793076EC58002817B4 /* Frameworks */,
				6E315A7A3076EC58002817B4 /* Resources */,
			);
			buildRules = (
			);
			dependencies = (
			);
			fileSystemSynchronizedGroups = (
				6E315A7E3076EC58002817B4 /* Aesthelity */,
			);
			name = Aesthelity;
			packageProductDependencies = (
			);
			productName = Aesthelity;
			productReference = 6E315A7C3076EC58002817B4 /* Aesthelity.app */;
			productType = "com.apple.product-type.application";
		};
		6E315A8B3076EC59002817B4 /* AesthelityTests */ = {
			isa = PBXNativeTarget;
			buildConfigurationList = 6E315AA33076EC59002817B4 /* Build configuration list for PBXNativeTarget "AesthelityTests" */;
			buildPhases = (
				6E315A883076EC59002817B4 /* Sources */,
				6E315A893076EC59002817B4 /* Frameworks */,
				6E315A8A3076EC59002817B4 /* Resources */,
			);
			buildRules = (
			);
			dependencies = (
				6E315A8E3076EC59002817B4 /* PBXTargetDependency */,
			);
			name = AesthelityTests;
			packageProductDependencies = (
			);
			productName = AesthelityTests;
			productReference = 6E315A8C3076EC59002817B4 /* AesthelityTests.xctest */;
			productType = "com.apple.product-type.bundle.unit-test";
		};
		6E315A953076EC59002817B4 /* AesthelityUITests */ = {
			isa = PBXNativeTarget;
			buildConfigurationList = 6E315AA63076EC59002817B4 /* Build configuration list for PBXNativeTarget "AesthelityUITests" */;
			buildPhases = (
				6E315A923076EC59002817B4 /* Sources */,
				6E315A933076EC59002817B4 /* Frameworks */,
				6E315A943076EC59002817B4 /* Resources */,
			);
			buildRules = (
			);
			dependencies = (
				6E315A983076EC59002817B4 /* PBXTargetDependency */,
			);
			name = AesthelityUITests;
			packageProductDependencies = (
			);
			productName = AesthelityUITests;
			productReference = 6E315A963076EC59002817B4 /* AesthelityUITests.xctest */;
			productType = "com.apple.product-type.bundle.ui-testing";
		};
/* End PBXNativeTarget section */

/* Begin PBXProject section */
		6E315A743076EC58002817B4 /* Project object */ = {
			isa = PBXProject;
			attributes = {
				BuildIndependentTargetsInParallel = 1;
				LastSwiftUpdateCheck = 1620;
				LastUpgradeCheck = 1620;
				TargetAttributes = {
					6E315A7B3076EC58002817B4 = {
						CreatedOnToolsVersion = 16.2;
					};
					6E315A8B3076EC59002817B4 = {
						CreatedOnToolsVersion = 16.2;
						TestTargetID = 6E315A7B3076EC58002817B4;
					};
					6E315A953076EC59002817B4 = {
						CreatedOnToolsVersion = 16.2;
						TestTargetID = 6E315A7B3076EC58002817B4;
					};
				};
			};
			buildConfigurationList = 6E315A773076EC58002817B4 /* Build configuration list for PBXProject "Aesthelity" */;
			developmentRegion = en;
			hasScannedForEncodings = 0;
			knownRegions = (
				en,
				Base,
			);
			mainGroup = 6E315A733076EC58002817B4;
			minimizedProjectReferenceProxies = 1;
			preferredProjectObjectVersion = 77;
			productRefGroup = 6E315A7D3076EC58002817B4 /* Products */;
			projectDirPath = "";
			projectRoot = "";
			targets = (
				6E315A7B3076EC58002817B4 /* Aesthelity */,
				6E315A8B3076EC59002817B4 /* AesthelityTests */,
				6E315A953076EC59002817B4 /* AesthelityUITests */,
			);
		};
/* End PBXProject section */

/* Begin PBXResourcesBuildPhase section */
		6E315A7A3076EC58002817B4 /* Resources */ = {
			isa = PBXResourcesBuildPhase;
			buildActionMask = 2147483647;
			files = (
			);
			runOnlyForDeploymentPostprocessing = 0;
		};
		6E315A8A3076EC59002817B4 /* Resources */ = {
			isa = PBXResourcesBuildPhase;
			buildActionMask = 2147483647;
			files = (
			);
			runOnlyForDeploymentPostprocessing = 0;
		};
		6E315A943076EC59002817B4 /* Resources */ = {
			isa = PBXResourcesBuildPhase;
			buildActionMask = 2147483647;
			files = (
			);
			runOnlyForDeploymentPostprocessing = 0;
		};
/* End PBXResourcesBuildPhase section */

/* Begin PBXSourcesBuildPhase section */
		6E315A783076EC58002817B4 /* Sources */ = {
			isa = PBXSourcesBuildPhase;
			buildActionMask = 2147483647;
			files = (
			);
			runOnlyForDeploymentPostprocessing = 0;
		};
		6E315A883076EC59002817B4 /* Sources */ = {
			isa = PBXSourcesBuildPhase;
			buildActionMask = 2147483647;
			files = (
			);
			runOnlyForDeploymentPostprocessing = 0;
		};
		6E315A923076EC59002817B4 /* Sources */ = {
			isa = PBXSourcesBuildPhase;
			buildActionMask = 2147483647;
			files = (
			);
			runOnlyForDeploymentPostprocessing = 0;
		};
/* End PBXSourcesBuildPhase section */

/* Begin PBXTargetDependency section */
		6E315A8E3076EC59002817B4 /* PBXTargetDependency */ = {
			isa = PBXTargetDependency;
			target = 6E315A7B3076EC58002817B4 /* Aesthelity */;
			targetProxy = 6E315A8D3076EC59002817B4 /* PBXContainerItemProxy */;
		};
		6E315A983076EC59002817B4 /* PBXTargetDependency */ = {
			isa = PBXTargetDependency;
			target = 6E315A7B3076EC58002817B4 /* Aesthelity */;
			targetProxy = 6E315A973076EC59002817B4 /* PBXContainerItemProxy */;
		};
/* End PBXTargetDependency section */

/* Begin XCBuildConfiguration section */
		6E315A9E3076EC59002817B4 /* Debug */ = {
			isa = XCBuildConfiguration;
			buildSettings = {
				ALWAYS_SEARCH_USER_PATHS = NO;
				ASSETCATALOG_COMPILER_GENERATE_SWIFT_ASSET_SYMBOL_EXTENSIONS = YES;
				CLANG_ANALYZER_NONNULL = YES;
				CLANG_ANALYZER_NUMBER_OBJECT_CONVERSION = YES_AGGRESSIVE;
				CLANG_CXX_LANGUAGE_STANDARD = "gnu++20";
				CLANG_ENABLE_MODULES = YES;
				CLANG_ENABLE_OBJC_ARC = YES;
				CLANG_ENABLE_OBJC_WEAK = YES;
				CLANG_WARN_BLOCK_CAPTURE_AUTORELEASING = YES;
				CLANG_WARN_BOOL_CONVERSION = YES;
				CLANG_WARN_COMMA = YES;
				CLANG_WARN_CONSTANT_CONVERSION = YES;
				CLANG_WARN_DEPRECATED_OBJC_IMPLEMENTATIONS = YES;
				CLANG_WARN_DIRECT_OBJC_ISA_USAGE = YES_ERROR;
				CLANG_WARN_DOCUMENTATION_COMMENTS = YES;
				CLANG_WARN_EMPTY_BODY = YES;
				CLANG_WARN_ENUM_CONVERSION = YES;
				CLANG_WARN_INFINITE_RECURSION = YES;
				CLANG_WARN_INT_CONVERSION = YES;
				CLANG_WARN_NON_LITERAL_NULL_CONVERSION = YES;
				CLANG_WARN_OBJC_IMPLICIT_RETAIN_SELF = YES;
				CLANG_WARN_OBJC_LITERAL_CONVERSION = YES;
				CLANG_WARN_OBJC_ROOT_CLASS = YES_ERROR;
				CLANG_WARN_QUOTED_INCLUDE_IN_FRAMEWORK_HEADER = YES;
				CLANG_WARN_RANGE_LOOP_ANALYSIS = YES;
				CLANG_WARN_STRICT_PROTOTYPES = YES;
				CLANG_WARN_SUSPICIOUS_MOVE = YES;
				CLANG_WARN_UNGUARDED_AVAILABILITY = YES_AGGRESSIVE;
				CLANG_WARN_UNREACHABLE_CODE = YES;
				CLANG_WARN__DUPLICATE_METHOD_MATCH = YES;
				COPY_PHASE_STRIP = NO;
				DEBUG_INFORMATION_FORMAT = dwarf;
				ENABLE_STRICT_OBJC_MSGSEND = YES;
				ENABLE_TESTABILITY = YES;
				ENABLE_USER_SCRIPT_SANDBOXING = YES;
				GCC_C_LANGUAGE_STANDARD = gnu17;
				GCC_DYNAMIC_NO_PIC = NO;
				GCC_NO_COMMON_BLOCKS = YES;
				GCC_OPTIMIZATION_LEVEL = 0;
				GCC_PREPROCESSOR_DEFINITIONS = (
					"DEBUG=1",
					"$(inherited)",
				);
				GCC_WARN_64_TO_32_BIT_CONVERSION = YES;
				GCC_WARN_ABOUT_RETURN_TYPE = YES_ERROR;
				GCC_WARN_UNDECLARED_SELECTOR = YES;
				GCC_WARN_UNINITIALIZED_AUTOS = YES_AGGRESSIVE;
				GCC_WARN_UNUSED_FUNCTION = YES;
				GCC_WARN_UNUSED_VARIABLE = YES;
				IPHONEOS_DEPLOYMENT_TARGET = 18.2;
				LOCALIZATION_PREFERS_STRING_CATALOGS = YES;
				MTL_ENABLE_DEBUG_INFO = INCLUDE_SOURCE;
				MTL_FAST_MATH = YES;
				ONLY_ACTIVE_ARCH = YES;
				SDKROOT = iphoneos;
				SWIFT_ACTIVE_COMPILATION_CONDITIONS = "DEBUG $(inherited)";
				SWIFT_OPTIMIZATION_LEVEL = "-Onone";
			};
			name = Debug;
		};
		6E315A9F3076EC59002817B4 /* Release */ = {
			isa = XCBuildConfiguration;
			buildSettings = {
				ALWAYS_SEARCH_USER_PATHS = NO;
				ASSETCATALOG_COMPILER_GENERATE_SWIFT_ASSET_SYMBOL_EXTENSIONS = YES;
				CLANG_ANALYZER_NONNULL = YES;
				CLANG_ANALYZER_NUMBER_OBJECT_CONVERSION = YES_AGGRESSIVE;
				CLANG_CXX_LANGUAGE_STANDARD = "gnu++20";
				CLANG_ENABLE_MODULES = YES;
				CLANG_ENABLE_OBJC_ARC = YES;
				CLANG_ENABLE_OBJC_WEAK = YES;
				CLANG_WARN_BLOCK_CAPTURE_AUTORELEASING = YES;
				CLANG_WARN_BOOL_CONVERSION = YES;
				CLANG_WARN_COMMA = YES;
				CLANG_WARN_CONSTANT_CONVERSION = YES;
				CLANG_WARN_DEPRECATED_OBJC_IMPLEMENTATIONS = YES;
				CLANG_WARN_DIRECT_OBJC_ISA_USAGE = YES_ERROR;
				CLANG_WARN_DOCUMENTATION_COMMENTS = YES;
				CLANG_WARN_EMPTY_BODY = YES;
				CLANG_WARN_ENUM_CONVERSION = YES;
				CLANG_WARN_INFINITE_RECURSION = YES;
				CLANG_WARN_INT_CONVERSION = YES;
				CLANG_WARN_NON_LITERAL_NULL_CONVERSION = YES;
				CLANG_WARN_OBJC_IMPLICIT_RETAIN_SELF = YES;
				CLANG_WARN_OBJC_LITERAL_CONVERSION = YES;
				CLANG_WARN_OBJC_ROOT_CLASS = YES_ERROR;
				CLANG_WARN_QUOTED_INCLUDE_IN_FRAMEWORK_HEADER = YES;
				CLANG_WARN_RANGE_LOOP_ANALYSIS = YES;
				CLANG_WARN_STRICT_PROTOTYPES = YES;
				CLANG_WARN_SUSPICIOUS_MOVE = YES;
				CLANG_WARN_UNGUARDED_AVAILABILITY = YES_AGGRESSIVE;
				CLANG_WARN_UNREACHABLE_CODE = YES;
				CLANG_WARN__DUPLICATE_METHOD_MATCH = YES;
				COPY_PHASE_STRIP = NO;
				DEBUG_INFORMATION_FORMAT = "dwarf-with-dsym";
				ENABLE_NS_ASSERTIONS = NO;
				ENABLE_STRICT_OBJC_MSGSEND = YES;
				ENABLE_USER_SCRIPT_SANDBOXING = YES;
				GCC_C_LANGUAGE_STANDARD = gnu17;
				GCC_NO_COMMON_BLOCKS = YES;
				GCC_WARN_64_TO_32_BIT_CONVERSION = YES;
				GCC_WARN_ABOUT_RETURN_TYPE = YES_ERROR;
				GCC_WARN_UNDECLARED_SELECTOR = YES;
				GCC_WARN_UNINITIALIZED_AUTOS = YES_AGGRESSIVE;
				GCC_WARN_UNUSED_FUNCTION = YES;
				GCC_WARN_UNUSED_VARIABLE = YES;
				IPHONEOS_DEPLOYMENT_TARGET = 18.2;
				LOCALIZATION_PREFERS_STRING_CATALOGS = YES;
				MTL_ENABLE_DEBUG_INFO = NO;
				MTL_FAST_MATH = YES;
				SDKROOT = iphoneos;
				SWIFT_COMPILATION_MODE = wholemodule;
				VALIDATE_PRODUCT = YES;
			};
			name = Release;
		};
		6E315AA13076EC59002817B4 /* Debug */ = {
			isa = XCBuildConfiguration;
			buildSettings = {
				ASSETCATALOG_COMPILER_APPICON_NAME = AppIcon;
				ASSETCATALOG_COMPILER_GLOBAL_ACCENT_COLOR_NAME = AccentColor;
				CODE_SIGN_STYLE = Automatic;
				CURRENT_PROJECT_VERSION = 1;
				DEVELOPMENT_ASSET_PATHS = "\"Aesthelity/Preview Content\"";
				ENABLE_PREVIEWS = YES;
				GENERATE_INFOPLIST_FILE = YES;
				INFOPLIST_KEY_UIApplicationSceneManifest_Generation = YES;
				INFOPLIST_KEY_UIApplicationSupportsIndirectInputEvents = YES;
				INFOPLIST_KEY_UILaunchScreen_Generation = YES;
				INFOPLIST_KEY_UISupportedInterfaceOrientations_iPad = "UIInterfaceOrientationPortrait UIInterfaceOrientationPortraitUpsideDown UIInterfaceOrientationLandscapeLeft UIInterfaceOrientationLandscapeRight";
				INFOPLIST_KEY_UISupportedInterfaceOrientations_iPhone = "UIInterfaceOrientationPortrait UIInterfaceOrientationLandscapeLeft UIInterfaceOrientationLandscapeRight";
				LD_RUNPATH_SEARCH_PATHS = (
					"$(inherited)",
					"@executable_path/Frameworks",
				);
				MARKETING_VERSION = 1.0;
				PRODUCT_BUNDLE_IDENTIFIER = com.Aesthelity.Aesthelity;
				PRODUCT_NAME = "$(TARGET_NAME)";
				SWIFT_EMIT_LOC_STRINGS = YES;
				SWIFT_VERSION = 5.0;
				TARGETED_DEVICE_FAMILY = "1,2";
			};
			name = Debug;
		};
		6E315AA23076EC59002817B4 /* Release */ = {
			isa = XCBuildConfiguration;
			buildSettings = {
				ASSETCATALOG_COMPILER_APPICON_NAME = AppIcon;
				ASSETCATALOG_COMPILER_GLOBAL_ACCENT_COLOR_NAME = AccentColor;
				CODE_SIGN_STYLE = Automatic;
				CURRENT_PROJECT_VERSION = 1;
				DEVELOPMENT_ASSET_PATHS = "\"Aesthelity/Preview Content\"";
				ENABLE_PREVIEWS = YES;
				GENERATE_INFOPLIST_FILE = YES;
				INFOPLIST_KEY_UIApplicationSceneManifest_Generation = YES;
				INFOPLIST_KEY_UIApplicationSupportsIndirectInputEvents = YES;
				INFOPLIST_KEY_UILaunchScreen_Generation = YES;
				INFOPLIST_KEY_UISupportedInterfaceOrientations_iPad = "UIInterfaceOrientationPortrait UIInterfaceOrientationPortraitUpsideDown UIInterfaceOrientationLandscapeLeft UIInterfaceOrientationLandscapeRight";
				INFOPLIST_KEY_UISupportedInterfaceOrientations_iPhone = "UIInterfaceOrientationPortrait UIInterfaceOrientationLandscapeLeft UIInterfaceOrientationLandscapeRight";
				LD_RUNPATH_SEARCH_PATHS = (
					"$(inherited)",
					"@executable_path/Frameworks",
				);
				MARKETING_VERSION = 1.0;
				PRODUCT_BUNDLE_IDENTIFIER = com.Aesthelity.Aesthelity;
				PRODUCT_NAME = "$(TARGET_NAME)";
				SWIFT_EMIT_LOC_STRINGS = YES;
				SWIFT_VERSION = 5.0;
				TARGETED_DEVICE_FAMILY = "1,2";
			};
			name = Release;
		};
		6E315AA43076EC59002817B4 /* Debug */ = {
			isa = XCBuildConfiguration;
			buildSettings = {
				BUNDLE_LOADER = "$(TEST_HOST)";
				CODE_SIGN_STYLE = Automatic;
				CURRENT_PROJECT_VERSION = 1;
				GENERATE_INFOPLIST_FILE = YES;
				IPHONEOS_DEPLOYMENT_TARGET = 18.2;
				MARKETING_VERSION = 1.0;
				PRODUCT_BUNDLE_IDENTIFIER = com.Aesthelity.AesthelityTests;
				PRODUCT_NAME = "$(TARGET_NAME)";
				SWIFT_EMIT_LOC_STRINGS = NO;
				SWIFT_VERSION = 5.0;
				TARGETED_DEVICE_FAMILY = "1,2";
				TEST_HOST = "$(BUILT_PRODUCTS_DIR)/Aesthelity.app/$(BUNDLE_EXECUTABLE_FOLDER_PATH)/Aesthelity";
			};
			name = Debug;
		};
		6E315AA53076EC59002817B4 /* Release */ = {
			isa = XCBuildConfiguration;
			buildSettings = {
				BUNDLE_LOADER = "$(TEST_HOST)";
				CODE_SIGN_STYLE = Automatic;
				CURRENT_PROJECT_VERSION = 1;
				GENERATE_INFOPLIST_FILE = YES;
				IPHONEOS_DEPLOYMENT_TARGET = 18.2;
				MARKETING_VERSION = 1.0;
				PRODUCT_BUNDLE_IDENTIFIER = com.Aesthelity.AesthelityTests;
				PRODUCT_NAME = "$(TARGET_NAME)";
				SWIFT_EMIT_LOC_STRINGS = NO;
				SWIFT_VERSION = 5.0;
				TARGETED_DEVICE_FAMILY = "1,2";
				TEST_HOST = "$(BUILT_PRODUCTS_DIR)/Aesthelity.app/$(BUNDLE_EXECUTABLE_FOLDER_PATH)/Aesthelity";
			};
			name = Release;
		};
		6E315AA73076EC59002817B4 /* Debug */ = {
			isa = XCBuildConfiguration;
			buildSettings = {
				CODE_SIGN_STYLE = Automatic;
				CURRENT_PROJECT_VERSION = 1;
				GENERATE_INFOPLIST_FILE = YES;
				MARKETING_VERSION = 1.0;
				PRODUCT_BUNDLE_IDENTIFIER = com.Aesthelity.AesthelityUITests;
				PRODUCT_NAME = "$(TARGET_NAME)";
				SWIFT_EMIT_LOC_STRINGS = NO;
				SWIFT_VERSION = 5.0;
				TARGETED_DEVICE_FAMILY = "1,2";
				TEST_TARGET_NAME = Aesthelity;
			};
			name = Debug;
		};
		6E315AA83076EC59002817B4 /* Release */ = {
			isa = XCBuildConfiguration;
			buildSettings = {
				CODE_SIGN_STYLE = Automatic;
				CURRENT_PROJECT_VERSION = 1;
				GENERATE_INFOPLIST_FILE = YES;
				MARKETING_VERSION = 1.0;
				PRODUCT_BUNDLE_IDENTIFIER = com.Aesthelity.AesthelityUITests;
				PRODUCT_NAME = "$(TARGET_NAME)";
				SWIFT_EMIT_LOC_STRINGS = NO;
				SWIFT_VERSION = 5.0;
				TARGETED_DEVICE_FAMILY = "1,2";
				TEST_TARGET_NAME = Aesthelity;
			};
			name = Release;
		};
/* End XCBuildConfiguration section */

/* Begin XCConfigurationList section */
		6E315A773076EC58002817B4 /* Build configuration list for PBXProject "Aesthelity" */ = {
			isa = XCConfigurationList;
			buildConfigurations = (
				6E315A9E3076EC59002817B4 /* Debug */,
				6E315A9F3076EC59002817B4 /* Release */,
			);
			defaultConfigurationIsVisible = 0;
			defaultConfigurationName = Release;
		};
		6E315AA03076EC59002817B4 /* Build configuration list for PBXNativeTarget "Aesthelity" */ = {
			isa = XCConfigurationList;
			buildConfigurations = (
				6E315AA13076EC59002817B4 /* Debug */,
				6E315AA23076EC59002817B4 /* Release */,
			);
			defaultConfigurationIsVisible = 0;
			defaultConfigurationName = Release;
		};
		6E315AA33076EC59002817B4 /* Build configuration list for PBXNativeTarget "AesthelityTests" */ = {
			isa = XCConfigurationList;
			buildConfigurations = (
				6E315AA43076EC59002817B4 /* Debug */,
				6E315AA53076EC59002817B4 /* Release */,
			);
			defaultConfigurationIsVisible = 0;
			defaultConfigurationName = Release;
		};
		6E315AA63076EC59002817B4 /* Build configuration list for PBXNativeTarget "AesthelityUITests" */ = {
			isa = XCConfigurationList;
			buildConfigurations = (
				6E315AA73076EC59002817B4 /* Debug */,
				6E315AA83076EC59002817B4 /* Release */,
			);
			defaultConfigurationIsVisible = 0;
			defaultConfigurationName = Release;
		};
/* End XCConfigurationList section */
	};
	rootObject = 6E315A743076EC58002817B4 /* Project object */;
}
